
Microsoft Visual Studio Solution File, Format Version 12.00
# Visual Studio Version 17
VisualStudioVersion = 17.0.31903.59
MinimumVisualStudioVersion = 10.0.40219.1
Project("{FAE04EC0-301F-11D3-BF4B-00C04F79EFBC}") = "vozy-v2-api", "vozy-v2-api\vozy-v2-api.csproj", "{146CC215-CFB7-4F8C-A433-C588EF10AC8D}"
EndProject
Global
	GlobalSection(SolutionConfigurationPlatforms) = preSolution
		Debug|Any CPU = Debug|Any CPU
		Release|Any CPU = Release|Any CPU
	EndGlobalSection
	GlobalSection(ProjectConfigurationPlatforms) = postSolution
		{146CC215-CFB7-4F8C-A433-C588EF10AC8D}.Debug|Any CPU.ActiveCfg = Debug|Any CPU
		{146CC215-CFB7-4F8C-A433-C588EF10AC8D}.Debug|Any CPU.Build.0 = Debug|Any CPU
		{146CC215-CFB7-4F8C-A433-C588EF10AC8D}.Release|Any CPU.ActiveCfg = Release|Any CPU
		{146CC215-CFB7-4F8C-A433-C588EF10AC8D}.Release|Any CPU.Build.0 = Release|Any CPU
	EndGlobalSection
	GlobalSection(SolutionProperties) = preSolution
		HideSolutionNode = FALSE
	EndGlobalSection
	GlobalSection(ExtensibilityGlobals) = postSolution
		SolutionGuid = {7A5903DA-3A8C-4835-9BC4-56CFDA42CBBB}
	EndGlobalSection
EndGlobal
